
Microsoft Visual Studio Solution File, Format Version 12.00
# Visual Studio Version 16
VisualStudioVersion = 16.0.32802.440
MinimumVisualStudioVersion = 10.0.40219.1
Project("{FAE04EC0-301F-11D3-BF4B-00C04F79EFBC}") = "NyxLauncher", "NyxLauncher\NyxLauncher.csproj", "{49248A4B-85C4-466A-B39B-D51DE786EC06}"
EndProject
Global
	GlobalSection(SolutionConfigurationPlatforms) = preSolution
		Debug|Any CPU = Debug|Any CPU
		Release|Any CPU = Release|Any CPU
	EndGlobalSection
	GlobalSection(ProjectConfigurationPlatforms) = postSolution
		{49248A4B-85C4-466A-B39B-D51DE786EC06}.Debug|Any CPU.ActiveCfg = Debug|Any CPU
		{49248A4B-85C4-466A-B39B-D51DE786EC06}.Debug|Any CPU.Build.0 = Debug|Any CPU
		{49248A4B-85C4-466A-B39B-D51DE786EC06}.Release|Any CPU.ActiveCfg = Release|Any CPU
		{49248A4B-85C4-466A-B39B-D51DE786EC06}.Release|Any CPU.Build.0 = Release|Any CPU
	EndGlobalSection
	GlobalSection(SolutionProperties) = preSolution
		HideSolutionNode = FALSE
	EndGlobalSection
	GlobalSection(ExtensibilityGlobals) = postSolution
		SolutionGuid = {22DAE1B8-E85B-4C98-9508-3226554829C4}
	EndGlobalSection
EndGlobal
